# @generated - this file is auto-generated by `mise lock` https://mise.jdx.dev/dev-tools/mise-lock.html

[[tools.act]]
version = "0.2.84"
backend = "aqua:nektos/act"

[[tools."go:golang.org/x/tools/cmd/goimports"]]
version = "0.41.0"
backend = "go:golang.org/x/tools/cmd/goimports"

[[tools.node]]
version = "25.3.0"
backend = "core:node"

[[tools."pipx:pre-commit"]]
version = "4.5.1"
backend = "pipx:pre-commit"

[[tools."ubi:air-verse/air"]]
version = "1.64.0"
backend = "ubi:air-verse/air"

[[tools."ubi:golangci/golangci-lint"]]
version = "2.10.1"
backend = "ubi:golangci/golangci-lint"

[[tools."ubi:goreleaser/goreleaser"]]
version = "2.15.4"
backend = "ubi:goreleaser/goreleaser"
