{
  "name": "mcp-helm-cloudflare",
  "lockfileVersion": 3,
  "requires": true,
  "packages": {
    "": {
      "name": "mcp-helm-cloudflare",
      "dependencies": {
        "@cloudflare/containers": "^0.3.7"
      },
      "devDependencies": {
        "@cloudflare/workers-types": "^5.20260703.1"
      }
    },
    "node_modules/@cloudflare/containers": {
      "version": "0.3.7",
      "resolved": "https://registry.npmjs.org/@cloudflare/containers/-/containers-0.3.7.tgz",
      "integrity": "sha512-DM9dm3FnIBSyiSJ1FLavKwl/lk3oAmTaynCzZQ9pZR0ncRPquSxkxd8Nu2MFILxmDDsPkxKsSNEh9mHHMty4Fw==",
      "license": "MIT OR Apache-2.0"
    },
    "node_modules/@cloudflare/workers-types": {
      "version": "5.20260703.1",
      "resolved": "https://registry.npmjs.org/@cloudflare/workers-types/-/workers-types-5.20260703.1.tgz",
      "integrity": "sha512-FaX1NlA+XbCjR6c0v0dLqXLmSlWvnMDg2fneVOzOoHJM5XL8gwqoAv9T0I0Ev5f199bTsr7styYgT88j7RftwA==",
      "dev": true,
      "license": "MIT OR Apache-2.0"
    }
  }
}
