lockfileVersion: '9.0'

settings:
  autoInstallPeers: true
  excludeLinksFromLockfile: false

importers:

  .:
    dependencies:
      '@cloudflare/containers':
        specifier: ^0.3.7
        version: 0.3.7
    devDependencies:
      '@cloudflare/workers-types':
        specifier: ^5.20260821.1
        version: 5.20260821.1

packages:

  '@cloudflare/containers@0.3.7':
    resolution: {integrity: sha512-DM9dm3FnIBSyiSJ1FLavKwl/lk3oAmTaynCzZQ9pZR0ncRPquSxkxd8Nu2MFILxmDDsPkxKsSNEh9mHHMty4Fw==}

  '@cloudflare/workers-types@5.20260821.1':
    resolution: {integrity: sha512-jZiTISghTPeytJ7eDt5K1AV7df998xGECMgT8oy838VfFLJLROvdLzDaJb0/Jv4WfxO00keNoWt1d6olL7URRg==}

snapshots:

  '@cloudflare/containers@0.3.7': {}

  '@cloudflare/workers-types@5.20260821.1': {}
